// !$*UTF8*$!
{
	archiveVersion = 1;
	classes = {
	};
	objectVersion = 46;
	objects = {

/* Begin PBXBuildFile section */
		5E626A1F16592D5900C18AC8 /* helper.c in Sources */ = {isa = PBXBuildFile; fileRef = 5E626A1816592D5900C18AC8 /* helper.c */; };
		5E626A2016592D5900C18AC8 /* main.c in Sources */ = {isa = PBXBuildFile; fileRef = 5E626A1A16592D5900C18AC8 /* main.c */; };
		5E626A2116592D5900C18AC8 /* parser.c in Sources */ = {isa = PBXBuildFile; fileRef = 5E626A1C16592D5900C18AC8 /* parser.c */; };
		5E90E084165984B600566C31 /* tcpip.c in Sources */ = {isa = PBXBuildFile; fileRef = 5E90E081165984B600566C31 /* tcpip.c */; };
		5E90E085165984B600566C31 /* uvrconnection.c in Sources */ = {isa = PBXBuildFile; fileRef = 5E90E082165984B600566C31 /* uvrconnection.c */; };
/* End PBXBuildFile section */

/* Begin PBXCopyFilesBuildPhase section */
		5E5EE3C4163C05B40051E7B2 /* CopyFiles */ = {
			isa = PBXCopyFilesBuildPhase;
			buildActionMask = 2147483647;
			dstPath = /usr/share/man/man1/;
			dstSubfolderSpec = 0;
			files = (
			);
			runOnlyForDeploymentPostprocessing = 1;
		};
/* End PBXCopyFilesBuildPhase section */

/* Begin PBXFileReference section */
		5E5EE3C6163C05B50051E7B2 /* tt */ = {isa = PBXFileReference; explicitFileType = "compiled.mach-o.executable"; includeInIndex = 0; name = tt; path = "uvr1611-logger"; sourceTree = BUILT_PRODUCTS_DIR; };
		5E626A1716592D5900C18AC8 /* build */ = {isa = PBXFileReference; fileEncoding = 4; lastKnownFileType = text; name = build; path = uvr1611/build; sourceTree = SOURCE_ROOT; };
		5E626A1816592D5900C18AC8 /* helper.c */ = {isa = PBXFileReference; fileEncoding = 4; lastKnownFileType = sourcecode.c.c; name = helper.c; path = uvr1611/helper.c; sourceTree = SOURCE_ROOT; };
		5E626A1916592D5900C18AC8 /* helper.h */ = {isa = PBXFileReference; fileEncoding = 4; lastKnownFileType = sourcecode.c.h; name = helper.h; path = uvr1611/helper.h; sourceTree = SOURCE_ROOT; };
		5E626A1A16592D5900C18AC8 /* main.c */ = {isa = PBXFileReference; fileEncoding = 4; lastKnownFileType = sourcecode.c.c; name = main.c; path = uvr1611/main.c; sourceTree = SOURCE_ROOT; };
		5E626A1C16592D5900C18AC8 /* parser.c */ = {isa = PBXFileReference; fileEncoding = 4; lastKnownFileType = sourcecode.c.c; name = parser.c; path = uvr1611/parser.c; sourceTree = SOURCE_ROOT; };
		5E626A1D16592D5900C18AC8 /* parser.h */ = {isa = PBXFileReference; fileEncoding = 4; lastKnownFileType = sourcecode.c.h; name = parser.h; path = uvr1611/parser.h; sourceTree = SOURCE_ROOT; };
		5E626A1E16592D5900C18AC8 /* tt.1 */ = {isa = PBXFileReference; fileEncoding = 4; lastKnownFileType = text.man; name = tt.1; path = uvr1611/tt.1; sourceTree = SOURCE_ROOT; };
		5E90E081165984B600566C31 /* tcpip.c */ = {isa = PBXFileReference; fileEncoding = 4; lastKnownFileType = sourcecode.c.c; name = tcpip.c; path = uvr1611/tcpip.c; sourceTree = SOURCE_ROOT; };
		5E90E082165984B600566C31 /* uvrconnection.c */ = {isa = PBXFileReference; fileEncoding = 4; lastKnownFileType = sourcecode.c.c; name = uvrconnection.c; path = uvr1611/uvrconnection.c; sourceTree = SOURCE_ROOT; };
		5E90E083165984B600566C31 /* uvrconnection.h */ = {isa = PBXFileReference; fileEncoding = 4; lastKnownFileType = sourcecode.c.h; name = uvrconnection.h; path = uvr1611/uvrconnection.h; sourceTree = SOURCE_ROOT; };
		5EFDC74A1659600D003E6725 /* tcpip.h */ = {isa = PBXFileReference; fileEncoding = 4; lastKnownFileType = sourcecode.c.h; name = tcpip.h; path = uvr1611/tcpip.h; sourceTree = SOURCE_ROOT; };
/* End PBXFileReference section */

/* Begin PBXFrameworksBuildPhase section */
		5E5EE3C3163C05B40051E7B2 /* Frameworks */ = {
			isa = PBXFrameworksBuildPhase;
			buildActionMask = 2147483647;
			files = (
			);
			runOnlyForDeploymentPostprocessing = 0;
		};
/* End PBXFrameworksBuildPhase section */

/* Begin PBXGroup section */
		5E5EE3BB163C05B40051E7B2 = {
			isa = PBXGroup;
			children = (
				5E5EE3C9163C05B50051E7B2 /* uvr1611 */,
				5E5EE3C7163C05B50051E7B2 /* Products */,
			);
			sourceTree = "<group>";
		};
		5E5EE3C7163C05B50051E7B2 /* Products */ = {
			isa = PBXGroup;
			children = (
				5E5EE3C6163C05B50051E7B2 /* tt */,
			);
			name = Products;
			sourceTree = "<group>";
		};
		5E5EE3C9163C05B50051E7B2 /* uvr1611 */ = {
			isa = PBXGroup;
			children = (
				5E626A1A16592D5900C18AC8 /* main.c */,
				5E626A1816592D5900C18AC8 /* helper.c */,
				5E626A1916592D5900C18AC8 /* helper.h */,
				5E626A1C16592D5900C18AC8 /* parser.c */,
				5E626A1D16592D5900C18AC8 /* parser.h */,
				5EFDC74A1659600D003E6725 /* tcpip.h */,
				5E90E081165984B600566C31 /* tcpip.c */,
				5E90E082165984B600566C31 /* uvrconnection.c */,
				5E90E083165984B600566C31 /* uvrconnection.h */,
				5E626A1E16592D5900C18AC8 /* tt.1 */,
				5E626A1716592D5900C18AC8 /* build */,
			);
			name = uvr1611;
			path = tt;
			sourceTree = "<group>";
		};
/* End PBXGroup section */

/* Begin PBXNativeTarget section */
		5E5EE3C5163C05B40051E7B2 /* uvr1611-logger */ = {
			isa = PBXNativeTarget;
			buildConfigurationList = 5E5EE3D0163C05B50051E7B2 /* Build configuration list for PBXNativeTarget "uvr1611-logger" */;
			buildPhases = (
				5E5EE3C2163C05B40051E7B2 /* Sources */,
				5E5EE3C3163C05B40051E7B2 /* Frameworks */,
				5E5EE3C4163C05B40051E7B2 /* CopyFiles */,
			);
			buildRules = (
			);
			dependencies = (
			);
			name = "uvr1611-logger";
			productName = tt;
			productReference = 5E5EE3C6163C05B50051E7B2 /* tt */;
			productType = "com.apple.product-type.tool";
		};
/* End PBXNativeTarget section */

/* Begin PBXProject section */
		5E5EE3BD163C05B40051E7B2 /* Project object */ = {
			isa = PBXProject;
			attributes = {
				ORGANIZATIONNAME = "FH Joanneum";
			};
			buildConfigurationList = 5E5EE3C0163C05B40051E7B2 /* Build configuration list for PBXProject "uvr1611" */;
			compatibilityVersion = "Xcode 3.2";
			developmentRegion = English;
			hasScannedForEncodings = 0;
			knownRegions = (
				en,
			);
			mainGroup = 5E5EE3BB163C05B40051E7B2;
			productRefGroup = 5E5EE3C7163C05B50051E7B2 /* Products */;
			projectDirPath = "";
			projectRoot = "";
			targets = (
				5E5EE3C5163C05B40051E7B2 /* uvr1611-logger */,
			);
		};
/* End PBXProject section */

/* Begin PBXSourcesBuildPhase section */
		5E5EE3C2163C05B40051E7B2 /* Sources */ = {
			isa = PBXSourcesBuildPhase;
			buildActionMask = 2147483647;
			files = (
				5E626A1F16592D5900C18AC8 /* helper.c in Sources */,
				5E626A2016592D5900C18AC8 /* main.c in Sources */,
				5E626A2116592D5900C18AC8 /* parser.c in Sources */,
				5E90E084165984B600566C31 /* tcpip.c in Sources */,
				5E90E085165984B600566C31 /* uvrconnection.c in Sources */,
			);
			runOnlyForDeploymentPostprocessing = 0;
		};
/* End PBXSourcesBuildPhase section */

/* Begin XCBuildConfiguration section */
		5E5EE3CE163C05B50051E7B2 /* Debug */ = {
			isa = XCBuildConfiguration;
			buildSettings = {
				ALWAYS_SEARCH_USER_PATHS = YES;
				ARCHS = "$(ARCHS_STANDARD_64_BIT)";
				COPY_PHASE_STRIP = NO;
				GCC_C_LANGUAGE_STANDARD = gnu99;
				GCC_DYNAMIC_NO_PIC = NO;
				GCC_ENABLE_OBJC_EXCEPTIONS = YES;
				GCC_OPTIMIZATION_LEVEL = 0;
				GCC_PREPROCESSOR_DEFINITIONS = (
					"DEBUG=1",
					"$(inherited)",
				);
				GCC_SYMBOLS_PRIVATE_EXTERN = NO;
				GCC_VERSION = com.apple.compilers.llvm.clang.1_0;
				GCC_WARN_64_TO_32_BIT_CONVERSION = YES;
				GCC_WARN_ABOUT_MISSING_PROTOTYPES = YES;
				GCC_WARN_ABOUT_RETURN_TYPE = YES;
				GCC_WARN_UNUSED_VARIABLE = YES;
				GENERATE_PROFILING_CODE = YES;
				MACOSX_DEPLOYMENT_TARGET = 10.7;
				ONLY_ACTIVE_ARCH = YES;
				RUN_CLANG_STATIC_ANALYZER = YES;
				SDKROOT = macosx;
			};
			name = Debug;
		};
		5E5EE3CF163C05B50051E7B2 /* Release */ = {
			isa = XCBuildConfiguration;
			buildSettings = {
				ALWAYS_SEARCH_USER_PATHS = YES;
				ARCHS = "$(ARCHS_STANDARD_64_BIT)";
				COPY_PHASE_STRIP = YES;
				DEBUG_INFORMATION_FORMAT = "dwarf-with-dsym";
				GCC_C_LANGUAGE_STANDARD = gnu99;
				GCC_ENABLE_OBJC_EXCEPTIONS = YES;
				GCC_VERSION = com.apple.compilers.llvm.clang.1_0;
				GCC_WARN_64_TO_32_BIT_CONVERSION = YES;
				GCC_WARN_ABOUT_MISSING_PROTOTYPES = YES;
				GCC_WARN_ABOUT_RETURN_TYPE = YES;
				GCC_WARN_UNUSED_VARIABLE = YES;
				GENERATE_PROFILING_CODE = YES;
				MACOSX_DEPLOYMENT_TARGET = 10.7;
				RUN_CLANG_STATIC_ANALYZER = YES;
				SDKROOT = macosx;
			};
			name = Release;
		};
		5E5EE3D1163C05B50051E7B2 /* Debug */ = {
			isa = XCBuildConfiguration;
			buildSettings = {
				ALWAYS_SEARCH_USER_PATHS = YES;
				HEADER_SEARCH_PATHS = "/Users/bertram/mysql/include/**";
				LIBRARY_SEARCH_PATHS = "/Users/bertram/mysql/lib/**";
				OTHER_LDFLAGS = (
					"-lmysqlclient",
					"-lm",
					"-lz",
				);
				PRODUCT_NAME = "$(TARGET_NAME)";
			};
			name = Debug;
		};
		5E5EE3D2163C05B50051E7B2 /* Release */ = {
			isa = XCBuildConfiguration;
			buildSettings = {
				ALWAYS_SEARCH_USER_PATHS = YES;
				HEADER_SEARCH_PATHS = "/Users/bertram/mysql/include/**";
				LIBRARY_SEARCH_PATHS = "/Users/bertram/mysql/lib/**";
				OTHER_LDFLAGS = (
					"-lmysqlclient",
					"-lm",
					"-lz",
				);
				PRODUCT_NAME = "$(TARGET_NAME)";
			};
			name = Release;
		};
/* End XCBuildConfiguration section */

/* Begin XCConfigurationList section */
		5E5EE3C0163C05B40051E7B2 /* Build configuration list for PBXProject "uvr1611" */ = {
			isa = XCConfigurationList;
			buildConfigurations = (
				5E5EE3CE163C05B50051E7B2 /* Debug */,
				5E5EE3CF163C05B50051E7B2 /* Release */,
			);
			defaultConfigurationIsVisible = 0;
			defaultConfigurationName = Release;
		};
		5E5EE3D0163C05B50051E7B2 /* Build configuration list for PBXNativeTarget "uvr1611-logger" */ = {
			isa = XCConfigurationList;
			buildConfigurations = (
				5E5EE3D1163C05B50051E7B2 /* Debug */,
				5E5EE3D2163C05B50051E7B2 /* Release */,
			);
			defaultConfigurationIsVisible = 0;
			defaultConfigurationName = Release;
		};
/* End XCConfigurationList section */
	};
	rootObject = 5E5EE3BD163C05B40051E7B2 /* Project object */;
}
